
Microsoft Visual Studio Solution File, Format Version 12.00
# Visual Studio Version 16
VisualStudioVersion = 16.0.31911.196
MinimumVisualStudioVersion = 10.0.40219.1
Project("{FAE04EC0-301F-11D3-BF4B-00C04F79EFBC}") = "PixTest.API", "PixTest.API\PixTest.API.csproj", "{D94CCD9B-B2A6-4E73-BE02-71CC25528325}"
EndProject
Project("{FAE04EC0-301F-11D3-BF4B-00C04F79EFBC}") = "PixTest.Domain", "PixTest.Domain\PixTest.Domain.csproj", "{70854600-BA19-4826-B70F-0E2DC1A1EABF}"
EndProject
Project("{FAE04EC0-301F-11D3-BF4B-00C04F79EFBC}") = "PixTest.Application", "PixTest.Application\PixTest.Application.csproj", "{07E81FEB-6530-4348-B492-FA584D9742C0}"
EndProject
Project("{FAE04EC0-301F-11D3-BF4B-00C04F79EFBC}") = "PixTest.Infra.Data", "PixTest.Infra.Data\PixTest.Infra.Data.csproj", "{4C27D1D9-DECA-4A58-A94C-4E6E99B7BDD5}"
EndProject
Project("{FAE04EC0-301F-11D3-BF4B-00C04F79EFBC}") = "PixTest.Infra.IoC", "PixTest.Infra.IoC\PixTest.Infra.IoC.csproj", "{BC953825-BE66-44A9-9DEE-F80D0C37388F}"
EndProject
Global
	GlobalSection(SolutionConfigurationPlatforms) = preSolution
		Debug|Any CPU = Debug|Any CPU
		Release|Any CPU = Release|Any CPU
	EndGlobalSection
	GlobalSection(ProjectConfigurationPlatforms) = postSolution
		{D94CCD9B-B2A6-4E73-BE02-71CC25528325}.Debug|Any CPU.ActiveCfg = Debug|Any CPU
		{D94CCD9B-B2A6-4E73-BE02-71CC25528325}.Debug|Any CPU.Build.0 = Debug|Any CPU
		{D94CCD9B-B2A6-4E73-BE02-71CC25528325}.Release|Any CPU.ActiveCfg = Release|Any CPU
		{D94CCD9B-B2A6-4E73-BE02-71CC25528325}.Release|Any CPU.Build.0 = Release|Any CPU
		{70854600-BA19-4826-B70F-0E2DC1A1EABF}.Debug|Any CPU.ActiveCfg = Debug|Any CPU
		{70854600-BA19-4826-B70F-0E2DC1A1EABF}.Debug|Any CPU.Build.0 = Debug|Any CPU
		{70854600-BA19-4826-B70F-0E2DC1A1EABF}.Release|Any CPU.ActiveCfg = Release|Any CPU
		{70854600-BA19-4826-B70F-0E2DC1A1EABF}.Release|Any CPU.Build.0 = Release|Any CPU
		{07E81FEB-6530-4348-B492-FA584D9742C0}.Debug|Any CPU.ActiveCfg = Debug|Any CPU
		{07E81FEB-6530-4348-B492-FA584D9742C0}.Debug|Any CPU.Build.0 = Debug|Any CPU
		{07E81FEB-6530-4348-B492-FA584D9742C0}.Release|Any CPU.ActiveCfg = Release|Any CPU
		{07E81FEB-6530-4348-B492-FA584D9742C0}.Release|Any CPU.Build.0 = Release|Any CPU
		{4C27D1D9-DECA-4A58-A94C-4E6E99B7BDD5}.Debug|Any CPU.ActiveCfg = Debug|Any CPU
		{4C27D1D9-DECA-4A58-A94C-4E6E99B7BDD5}.Debug|Any CPU.Build.0 = Debug|Any CPU
		{4C27D1D9-DECA-4A58-A94C-4E6E99B7BDD5}.Release|Any CPU.ActiveCfg = Release|Any CPU
		{4C27D1D9-DECA-4A58-A94C-4E6E99B7BDD5}.Release|Any CPU.Build.0 = Release|Any CPU
		{BC953825-BE66-44A9-9DEE-F80D0C37388F}.Debug|Any CPU.ActiveCfg = Debug|Any CPU
		{BC953825-BE66-44A9-9DEE-F80D0C37388F}.Debug|Any CPU.Build.0 = Debug|Any CPU
		{BC953825-BE66-44A9-9DEE-F80D0C37388F}.Release|Any CPU.ActiveCfg = Release|Any CPU
		{BC953825-BE66-44A9-9DEE-F80D0C37388F}.Release|Any CPU.Build.0 = Release|Any CPU
	EndGlobalSection
	GlobalSection(SolutionProperties) = preSolution
		HideSolutionNode = FALSE
	EndGlobalSection
	GlobalSection(ExtensibilityGlobals) = postSolution
		SolutionGuid = {D00FBDBF-2179-4FD3-8230-EEF1CF145F47}
	EndGlobalSection
EndGlobal
